
Microsoft Visual Studio Solution File, Format Version 12.00
# Visual Studio Version 17
VisualStudioVersion = 17.0.31903.59
MinimumVisualStudioVersion = 10.0.40219.1
Project("{FAE04EC0-301F-11D3-BF4B-00C04F79EFBC}") = "SafeZone.Server", "SafeZone.Server\SafeZone.Server.csproj", "{4A85586F-54DC-40C4-88EE-1169210495E0}"
EndProject
Project("{FAE04EC0-301F-11D3-BF4B-00C04F79EFBC}") = "SafeZone.Tests", "SafeZone.Tests\SafeZone.Tests.csproj", "{24CEA9DA-DDDF-486B-A188-2C05A8930CEE}"
EndProject
Global
	GlobalSection(SolutionConfigurationPlatforms) = preSolution
		Debug|Any CPU = Debug|Any CPU
		Debug|x64 = Debug|x64
		Debug|x86 = Debug|x86
		Release|Any CPU = Release|Any CPU
		Release|x64 = Release|x64
		Release|x86 = Release|x86
	EndGlobalSection
	GlobalSection(ProjectConfigurationPlatforms) = postSolution
		{4A85586F-54DC-40C4-88EE-1169210495E0}.Debug|Any CPU.ActiveCfg = Debug|Any CPU
		{4A85586F-54DC-40C4-88EE-1169210495E0}.Debug|Any CPU.Build.0 = Debug|Any CPU
		{4A85586F-54DC-40C4-88EE-1169210495E0}.Debug|x64.ActiveCfg = Debug|Any CPU
		{4A85586F-54DC-40C4-88EE-1169210495E0}.Debug|x64.Build.0 = Debug|Any CPU
		{4A85586F-54DC-40C4-88EE-1169210495E0}.Debug|x86.ActiveCfg = Debug|Any CPU
		{4A85586F-54DC-40C4-88EE-1169210495E0}.Debug|x86.Build.0 = Debug|Any CPU
		{4A85586F-54DC-40C4-88EE-1169210495E0}.Release|Any CPU.ActiveCfg = Release|Any CPU
		{4A85586F-54DC-40C4-88EE-1169210495E0}.Release|Any CPU.Build.0 = Release|Any CPU
		{4A85586F-54DC-40C4-88EE-1169210495E0}.Release|x64.ActiveCfg = Release|Any CPU
		{4A85586F-54DC-40C4-88EE-1169210495E0}.Release|x64.Build.0 = Release|Any CPU
		{4A85586F-54DC-40C4-88EE-1169210495E0}.Release|x86.ActiveCfg = Release|Any CPU
		{4A85586F-54DC-40C4-88EE-1169210495E0}.Release|x86.Build.0 = Release|Any CPU
		{24CEA9DA-DDDF-486B-A188-2C05A8930CEE}.Debug|Any CPU.ActiveCfg = Debug|Any CPU
		{24CEA9DA-DDDF-486B-A188-2C05A8930CEE}.Debug|Any CPU.Build.0 = Debug|Any CPU
		{24CEA9DA-DDDF-486B-A188-2C05A8930CEE}.Debug|x64.ActiveCfg = Debug|Any CPU
		{24CEA9DA-DDDF-486B-A188-2C05A8930CEE}.Debug|x64.Build.0 = Debug|Any CPU
		{24CEA9DA-DDDF-486B-A188-2C05A8930CEE}.Debug|x86.ActiveCfg = Debug|Any CPU
		{24CEA9DA-DDDF-486B-A188-2C05A8930CEE}.Debug|x86.Build.0 = Debug|Any CPU
		{24CEA9DA-DDDF-486B-A188-2C05A8930CEE}.Release|Any CPU.ActiveCfg = Release|Any CPU
		{24CEA9DA-DDDF-486B-A188-2C05A8930CEE}.Release|Any CPU.Build.0 = Release|Any CPU
		{24CEA9DA-DDDF-486B-A188-2C05A8930CEE}.Release|x64.ActiveCfg = Release|Any CPU
		{24CEA9DA-DDDF-486B-A188-2C05A8930CEE}.Release|x64.Build.0 = Release|Any CPU
		{24CEA9DA-DDDF-486B-A188-2C05A8930CEE}.Release|x86.ActiveCfg = Release|Any CPU
		{24CEA9DA-DDDF-486B-A188-2C05A8930CEE}.Release|x86.Build.0 = Release|Any CPU
	EndGlobalSection
	GlobalSection(SolutionProperties) = preSolution
		HideSolutionNode = FALSE
	EndGlobalSection
EndGlobal
